
Microsoft Visual Studio Solution File, Format Version 12.00
# Visual Studio Version 17
VisualStudioVersion = 17.8.34316.72
MinimumVisualStudioVersion = 10.0.40219.1
Project("{FAE04EC0-301F-11D3-BF4B-00C04F79EFBC}") = "RoR2IncreaseMannequinCount", "RoR2IncreaseMannequinCount.csproj", "{630CF3D4-BA01-4146-8D92-87482D5CF0F6}"
EndProject
Global
	GlobalSection(SolutionConfigurationPlatforms) = preSolution
		Debug|Any CPU = Debug|Any CPU
		Release|Any CPU = Release|Any CPU
	EndGlobalSection
	GlobalSection(ProjectConfigurationPlatforms) = postSolution
		{630CF3D4-BA01-4146-8D92-87482D5CF0F6}.Debug|Any CPU.ActiveCfg = Debug|Any CPU
		{630CF3D4-BA01-4146-8D92-87482D5CF0F6}.Debug|Any CPU.Build.0 = Debug|Any CPU
		{630CF3D4-BA01-4146-8D92-87482D5CF0F6}.Release|Any CPU.ActiveCfg = Release|Any CPU
		{630CF3D4-BA01-4146-8D92-87482D5CF0F6}.Release|Any CPU.Build.0 = Release|Any CPU
	EndGlobalSection
	GlobalSection(SolutionProperties) = preSolution
		HideSolutionNode = FALSE
	EndGlobalSection
	GlobalSection(ExtensibilityGlobals) = postSolution
		SolutionGuid = {8960D4EB-9396-46C3-BC55-8FA2554FB5F7}
	EndGlobalSection
EndGlobal
